{
  "pid": 152731,
  "version": "2.1.222",
  "jsonPath": "/home/jofre/.claude/daemon.json",
  "logPath": "/home/jofre/.claude/daemon.log",
  "startedAt": 1786712358423,
  "origin": "transient",
  "spawnedBy": {
    "label": "claude",
    "cwd": "/home/jofre/projects/lexio",
    "pid": 103179
  },
  "procStart": "2671788",
  "launchTarget": "/nix/store/mgj83nd63grschcwgva1pr9flk5b5rrb-claude-code-2.1.222/bin/.claude-wrapped",
  "processWrapper": ""
}