{
  "pid": 56258,
  "version": "2.1.199",
  "jsonPath": "/home/jofre/.claude/daemon.json",
  "logPath": "/home/jofre/.claude/daemon.log",
  "startedAt": 1783065924066,
  "origin": "transient",
  "spawnedBy": {
    "label": "claude",
    "cwd": "/home/jofre/projects/luminous_ui",
    "pid": 4871
  },
  "procStart": "993535",
  "launchTarget": "/home/jofre/.npm/_npx/becf7b9e49303068/node_modules/@anthropic-ai/claude-code/bin/claude.exe"
}